// !$*UTF8*$!
{
	archiveVersion = 1;
	classes = {
	};
	objectVersion = 50;
	objects = {

/* Begin PBXBuildFile section */
		4C34B07A23B7C9B300E983AE /* hog_visualization.cpp in Sources */ = {isa = PBXBuildFile; fileRef = 4C41F67923B68121008D3309 /* hog_visualization.cpp */; };
		4C41F67523B67F00008D3309 /* task1.cpp in Sources */ = {isa = PBXBuildFile; fileRef = 4C41F67423B67F00008D3309 /* task1.cpp */; };
		4C6E026D23B68F1A00B016BA /* task2.cpp in Sources */ = {isa = PBXBuildFile; fileRef = 4C6E026B23B68F1A00B016BA /* task2.cpp */; };
/* End PBXBuildFile section */

/* Begin PBXCopyFilesBuildPhase section */
		4CF1F73723B68E33007A3F3F /* CopyFiles */ = {
			isa = PBXCopyFilesBuildPhase;
			buildActionMask = 2147483647;
			dstPath = /usr/share/man/man1/;
			dstSubfolderSpec = 0;
			files = (
			);
			runOnlyForDeploymentPostprocessing = 1;
		};
		EDFCE13323AFD31E008A98E1 /* CopyFiles */ = {
			isa = PBXCopyFilesBuildPhase;
			buildActionMask = 2147483647;
			dstPath = /usr/share/man/man1/;
			dstSubfolderSpec = 0;
			files = (
			);
			runOnlyForDeploymentPostprocessing = 1;
		};
/* End PBXCopyFilesBuildPhase section */

/* Begin PBXFileReference section */
		4C41F67423B67F00008D3309 /* task1.cpp */ = {isa = PBXFileReference; fileEncoding = 4; lastKnownFileType = sourcecode.cpp.cpp; path = task1.cpp; sourceTree = "<group>"; };
		4C41F67923B68121008D3309 /* hog_visualization.cpp */ = {isa = PBXFileReference; fileEncoding = 4; lastKnownFileType = sourcecode.cpp.cpp; path = hog_visualization.cpp; sourceTree = "<group>"; };
		4C41F67B23B6835D008D3309 /* hog_visualization.h */ = {isa = PBXFileReference; lastKnownFileType = sourcecode.c.h; path = hog_visualization.h; sourceTree = "<group>"; };
		4C6E026B23B68F1A00B016BA /* task2.cpp */ = {isa = PBXFileReference; fileEncoding = 4; lastKnownFileType = sourcecode.cpp.cpp; name = task2.cpp; path = ../../task2/task2.cpp; sourceTree = "<group>"; };
		4CF1F73923B68E33007A3F3F /* tdcv_task2 */ = {isa = PBXFileReference; explicitFileType = "compiled.mach-o.executable"; includeInIndex = 0; path = tdcv_task2; sourceTree = BUILT_PRODUCTS_DIR; };
		EDFCE13523AFD31E008A98E1 /* tdcv */ = {isa = PBXFileReference; explicitFileType = "compiled.mach-o.executable"; includeInIndex = 0; path = tdcv; sourceTree = BUILT_PRODUCTS_DIR; };
		EDFCE13F23AFD48F008A98E1 /* data */ = {isa = PBXFileReference; lastKnownFileType = folder; path = data; sourceTree = "<group>"; };
/* End PBXFileReference section */

/* Begin PBXFrameworksBuildPhase section */
		4CF1F73623B68E33007A3F3F /* Frameworks */ = {
			isa = PBXFrameworksBuildPhase;
			buildActionMask = 2147483647;
			files = (
			);
			runOnlyForDeploymentPostprocessing = 0;
		};
		EDFCE13223AFD31E008A98E1 /* Frameworks */ = {
			isa = PBXFrameworksBuildPhase;
			buildActionMask = 2147483647;
			files = (
			);
			runOnlyForDeploymentPostprocessing = 0;
		};
/* End PBXFrameworksBuildPhase section */

/* Begin PBXGroup section */
		4CF1F73A23B68E33007A3F3F /* tdcv_task2 */ = {
			isa = PBXGroup;
			children = (
				4C6E026B23B68F1A00B016BA /* task2.cpp */,
			);
			path = tdcv_task2;
			sourceTree = "<group>";
		};
		EDFCE12C23AFD31E008A98E1 = {
			isa = PBXGroup;
			children = (
				EDFCE13723AFD31E008A98E1 /* tdcv */,
				4CF1F73A23B68E33007A3F3F /* tdcv_task2 */,
				EDFCE13623AFD31E008A98E1 /* Products */,
				EDFCE13F23AFD48F008A98E1 /* data */,
			);
			sourceTree = "<group>";
		};
		EDFCE13623AFD31E008A98E1 /* Products */ = {
			isa = PBXGroup;
			children = (
				EDFCE13523AFD31E008A98E1 /* tdcv */,
				4CF1F73923B68E33007A3F3F /* tdcv_task2 */,
			);
			name = Products;
			sourceTree = "<group>";
		};
		EDFCE13723AFD31E008A98E1 /* tdcv */ = {
			isa = PBXGroup;
			children = (
				4C41F67923B68121008D3309 /* hog_visualization.cpp */,
				4C41F67B23B6835D008D3309 /* hog_visualization.h */,
				4C41F67423B67F00008D3309 /* task1.cpp */,
			);
			path = tdcv;
			sourceTree = "<group>";
		};
/* End PBXGroup section */

/* Begin PBXNativeTarget section */
		4CF1F73823B68E33007A3F3F /* tdcv_task2 */ = {
			isa = PBXNativeTarget;
			buildConfigurationList = 4CF1F73D23B68E33007A3F3F /* Build configuration list for PBXNativeTarget "tdcv_task2" */;
			buildPhases = (
				4CF1F73523B68E33007A3F3F /* Sources */,
				4CF1F73623B68E33007A3F3F /* Frameworks */,
				4CF1F73723B68E33007A3F3F /* CopyFiles */,
			);
			buildRules = (
			);
			dependencies = (
			);
			name = tdcv_task2;
			productName = tdcv_task2;
			productReference = 4CF1F73923B68E33007A3F3F /* tdcv_task2 */;
			productType = "com.apple.product-type.tool";
		};
		EDFCE13423AFD31E008A98E1 /* tdcv */ = {
			isa = PBXNativeTarget;
			buildConfigurationList = EDFCE13C23AFD31E008A98E1 /* Build configuration list for PBXNativeTarget "tdcv" */;
			buildPhases = (
				EDFCE13123AFD31E008A98E1 /* Sources */,
				EDFCE13223AFD31E008A98E1 /* Frameworks */,
				EDFCE13323AFD31E008A98E1 /* CopyFiles */,
			);
			buildRules = (
			);
			dependencies = (
			);
			name = tdcv;
			productName = tdcv;
			productReference = EDFCE13523AFD31E008A98E1 /* tdcv */;
			productType = "com.apple.product-type.tool";
		};
/* End PBXNativeTarget section */

/* Begin PBXProject section */
		EDFCE12D23AFD31E008A98E1 /* Project object */ = {
			isa = PBXProject;
			attributes = {
				LastUpgradeCheck = 1130;
				ORGANIZATIONNAME = "Fernando Benito Abad";
				TargetAttributes = {
					4CF1F73823B68E33007A3F3F = {
						CreatedOnToolsVersion = 11.3;
					};
					EDFCE13423AFD31E008A98E1 = {
						CreatedOnToolsVersion = 11.3;
					};
				};
			};
			buildConfigurationList = EDFCE13023AFD31E008A98E1 /* Build configuration list for PBXProject "tdcv" */;
			compatibilityVersion = "Xcode 9.3";
			developmentRegion = en;
			hasScannedForEncodings = 0;
			knownRegions = (
				en,
				Base,
			);
			mainGroup = EDFCE12C23AFD31E008A98E1;
			productRefGroup = EDFCE13623AFD31E008A98E1 /* Products */;
			projectDirPath = "";
			projectRoot = "";
			targets = (
				EDFCE13423AFD31E008A98E1 /* tdcv */,
				4CF1F73823B68E33007A3F3F /* tdcv_task2 */,
			);
		};
/* End PBXProject section */

/* Begin PBXSourcesBuildPhase section */
		4CF1F73523B68E33007A3F3F /* Sources */ = {
			isa = PBXSourcesBuildPhase;
			buildActionMask = 2147483647;
			files = (
				4C6E026D23B68F1A00B016BA /* task2.cpp in Sources */,
			);
			runOnlyForDeploymentPostprocessing = 0;
		};
		EDFCE13123AFD31E008A98E1 /* Sources */ = {
			isa = PBXSourcesBuildPhase;
			buildActionMask = 2147483647;
			files = (
				4C41F67523B67F00008D3309 /* task1.cpp in Sources */,
				4C34B07A23B7C9B300E983AE /* hog_visualization.cpp in Sources */,
			);
			runOnlyForDeploymentPostprocessing = 0;
		};
/* End PBXSourcesBuildPhase section */

/* Begin XCBuildConfiguration section */
		4CF1F73E23B68E33007A3F3F /* Debug */ = {
			isa = XCBuildConfiguration;
			buildSettings = {
				CODE_SIGN_STYLE = Automatic;
				HEADER_SEARCH_PATHS = "/usr/local/Cellar/opencv/4.1.2/include/**";
				LIBRARY_SEARCH_PATHS = "/usr/local/Cellar/opencv/4.1.2/lib/**";
				OTHER_LDFLAGS = (
					"-I/usr/local/Cellar/opencv/4.1.2/include/opencv4/opencv",
					"-I/usr/local/Cellar/opencv/4.1.2/include/opencv4",
					"-L/usr/local/Cellar/opencv/4.1.2/lib",
					"-lopencv_gapi",
					"-lopencv_stitching",
					"-lopencv_aruco",
					"-lopencv_bgsegm",
					"-lopencv_bioinspired",
					"-lopencv_ccalib",
					"-lopencv_dnn_objdetect",
					"-lopencv_dnn_superres",
					"-lopencv_dpm",
					"-lopencv_highgui",
					"-lopencv_face",
					"-lopencv_freetype",
					"-lopencv_fuzzy",
					"-lopencv_hfs",
					"-lopencv_img_hash",
					"-lopencv_line_descriptor",
					"-lopencv_quality",
					"-lopencv_reg",
					"-lopencv_rgbd",
					"-lopencv_saliency",
					"-lopencv_sfm",
					"-lopencv_stereo",
					"-lopencv_structured_light",
					"-lopencv_phase_unwrapping",
					"-lopencv_superres",
					"-lopencv_optflow",
					"-lopencv_surface_matching",
					"-lopencv_tracking",
					"-lopencv_datasets",
					"-lopencv_text",
					"-lopencv_dnn",
					"-lopencv_plot",
					"-lopencv_videostab",
					"-lopencv_video",
					"-lopencv_videoio",
					"-lopencv_xfeatures2d",
					"-lopencv_shape",
					"-lopencv_ml",
					"-lopencv_ximgproc",
					"-lopencv_xobjdetect",
					"-lopencv_objdetect",
					"-lopencv_calib3d",
					"-lopencv_imgcodecs",
					"-lopencv_features2d",
					"-lopencv_flann",
					"-lopencv_xphoto",
					"-lopencv_photo",
					"-lopencv_imgproc",
					"-lopencv_core",
				);
				PRODUCT_NAME = "$(TARGET_NAME)";
			};
			name = Debug;
		};
		4CF1F73F23B68E33007A3F3F /* Release */ = {
			isa = XCBuildConfiguration;
			buildSettings = {
				CODE_SIGN_STYLE = Automatic;
				HEADER_SEARCH_PATHS = "/usr/local/Cellar/opencv/4.1.2/include/**";
				LIBRARY_SEARCH_PATHS = "/usr/local/Cellar/opencv/4.1.2/lib/**";
				OTHER_LDFLAGS = (
					"-I/usr/local/Cellar/opencv/4.1.2/include/opencv4/opencv",
					"-I/usr/local/Cellar/opencv/4.1.2/include/opencv4",
					"-L/usr/local/Cellar/opencv/4.1.2/lib",
					"-lopencv_gapi",
					"-lopencv_stitching",
					"-lopencv_aruco",
					"-lopencv_bgsegm",
					"-lopencv_bioinspired",
					"-lopencv_ccalib",
					"-lopencv_dnn_objdetect",
					"-lopencv_dnn_superres",
					"-lopencv_dpm",
					"-lopencv_highgui",
					"-lopencv_face",
					"-lopencv_freetype",
					"-lopencv_fuzzy",
					"-lopencv_hfs",
					"-lopencv_img_hash",
					"-lopencv_line_descriptor",
					"-lopencv_quality",
					"-lopencv_reg",
					"-lopencv_rgbd",
					"-lopencv_saliency",
					"-lopencv_sfm",
					"-lopencv_stereo",
					"-lopencv_structured_light",
					"-lopencv_phase_unwrapping",
					"-lopencv_superres",
					"-lopencv_optflow",
					"-lopencv_surface_matching",
					"-lopencv_tracking",
					"-lopencv_datasets",
					"-lopencv_text",
					"-lopencv_dnn",
					"-lopencv_plot",
					"-lopencv_videostab",
					"-lopencv_video",
					"-lopencv_videoio",
					"-lopencv_xfeatures2d",
					"-lopencv_shape",
					"-lopencv_ml",
					"-lopencv_ximgproc",
					"-lopencv_xobjdetect",
					"-lopencv_objdetect",
					"-lopencv_calib3d",
					"-lopencv_imgcodecs",
					"-lopencv_features2d",
					"-lopencv_flann",
					"-lopencv_xphoto",
					"-lopencv_photo",
					"-lopencv_imgproc",
					"-lopencv_core",
				);
				PRODUCT_NAME = "$(TARGET_NAME)";
			};
			name = Release;
		};
		EDFCE13A23AFD31E008A98E1 /* Debug */ = {
			isa = XCBuildConfiguration;
			buildSettings = {
				ALWAYS_SEARCH_USER_PATHS = NO;
				CLANG_ANALYZER_NONNULL = YES;
				CLANG_ANALYZER_NUMBER_OBJECT_CONVERSION = YES_AGGRESSIVE;
				CLANG_CXX_LANGUAGE_STANDARD = "gnu++14";
				CLANG_CXX_LIBRARY = "libc++";
				CLANG_ENABLE_MODULES = YES;
				CLANG_ENABLE_OBJC_ARC = YES;
				CLANG_ENABLE_OBJC_WEAK = YES;
				CLANG_WARN_BLOCK_CAPTURE_AUTORELEASING = YES;
				CLANG_WARN_BOOL_CONVERSION = YES;
				CLANG_WARN_COMMA = YES;
				CLANG_WARN_CONSTANT_CONVERSION = YES;
				CLANG_WARN_DEPRECATED_OBJC_IMPLEMENTATIONS = YES;
				CLANG_WARN_DIRECT_OBJC_ISA_USAGE = YES_ERROR;
				CLANG_WARN_DOCUMENTATION_COMMENTS = YES;
				CLANG_WARN_EMPTY_BODY = YES;
				CLANG_WARN_ENUM_CONVERSION = YES;
				CLANG_WARN_INFINITE_RECURSION = YES;
				CLANG_WARN_INT_CONVERSION = YES;
				CLANG_WARN_NON_LITERAL_NULL_CONVERSION = YES;
				CLANG_WARN_OBJC_IMPLICIT_RETAIN_SELF = YES;
				CLANG_WARN_OBJC_LITERAL_CONVERSION = YES;
				CLANG_WARN_OBJC_ROOT_CLASS = YES_ERROR;
				CLANG_WARN_RANGE_LOOP_ANALYSIS = YES;
				CLANG_WARN_STRICT_PROTOTYPES = YES;
				CLANG_WARN_SUSPICIOUS_MOVE = YES;
				CLANG_WARN_UNGUARDED_AVAILABILITY = YES_AGGRESSIVE;
				CLANG_WARN_UNREACHABLE_CODE = YES;
				CLANG_WARN__DUPLICATE_METHOD_MATCH = YES;
				COPY_PHASE_STRIP = NO;
				DEBUG_INFORMATION_FORMAT = dwarf;
				ENABLE_STRICT_OBJC_MSGSEND = YES;
				ENABLE_TESTABILITY = YES;
				GCC_C_LANGUAGE_STANDARD = gnu11;
				GCC_DYNAMIC_NO_PIC = NO;
				GCC_NO_COMMON_BLOCKS = YES;
				GCC_OPTIMIZATION_LEVEL = 0;
				GCC_PREPROCESSOR_DEFINITIONS = (
					"DEBUG=1",
					"$(inherited)",
				);
				GCC_WARN_64_TO_32_BIT_CONVERSION = YES;
				GCC_WARN_ABOUT_RETURN_TYPE = YES_ERROR;
				GCC_WARN_UNDECLARED_SELECTOR = YES;
				GCC_WARN_UNINITIALIZED_AUTOS = YES_AGGRESSIVE;
				GCC_WARN_UNUSED_FUNCTION = YES;
				GCC_WARN_UNUSED_VARIABLE = YES;
				MACOSX_DEPLOYMENT_TARGET = 10.15;
				MTL_ENABLE_DEBUG_INFO = INCLUDE_SOURCE;
				MTL_FAST_MATH = YES;
				ONLY_ACTIVE_ARCH = YES;
				SDKROOT = macosx;
			};
			name = Debug;
		};
		EDFCE13B23AFD31E008A98E1 /* Release */ = {
			isa = XCBuildConfiguration;
			buildSettings = {
				ALWAYS_SEARCH_USER_PATHS = NO;
				CLANG_ANALYZER_NONNULL = YES;
				CLANG_ANALYZER_NUMBER_OBJECT_CONVERSION = YES_AGGRESSIVE;
				CLANG_CXX_LANGUAGE_STANDARD = "gnu++14";
				CLANG_CXX_LIBRARY = "libc++";
				CLANG_ENABLE_MODULES = YES;
				CLANG_ENABLE_OBJC_ARC = YES;
				CLANG_ENABLE_OBJC_WEAK = YES;
				CLANG_WARN_BLOCK_CAPTURE_AUTORELEASING = YES;
				CLANG_WARN_BOOL_CONVERSION = YES;
				CLANG_WARN_COMMA = YES;
				CLANG_WARN_CONSTANT_CONVERSION = YES;
				CLANG_WARN_DEPRECATED_OBJC_IMPLEMENTATIONS = YES;
				CLANG_WARN_DIRECT_OBJC_ISA_USAGE = YES_ERROR;
				CLANG_WARN_DOCUMENTATION_COMMENTS = YES;
				CLANG_WARN_EMPTY_BODY = YES;
				CLANG_WARN_ENUM_CONVERSION = YES;
				CLANG_WARN_INFINITE_RECURSION = YES;
				CLANG_WARN_INT_CONVERSION = YES;
				CLANG_WARN_NON_LITERAL_NULL_CONVERSION = YES;
				CLANG_WARN_OBJC_IMPLICIT_RETAIN_SELF = YES;
				CLANG_WARN_OBJC_LITERAL_CONVERSION = YES;
				CLANG_WARN_OBJC_ROOT_CLASS = YES_ERROR;
				CLANG_WARN_RANGE_LOOP_ANALYSIS = YES;
				CLANG_WARN_STRICT_PROTOTYPES = YES;
				CLANG_WARN_SUSPICIOUS_MOVE = YES;
				CLANG_WARN_UNGUARDED_AVAILABILITY = YES_AGGRESSIVE;
				CLANG_WARN_UNREACHABLE_CODE = YES;
				CLANG_WARN__DUPLICATE_METHOD_MATCH = YES;
				COPY_PHASE_STRIP = NO;
				DEBUG_INFORMATION_FORMAT = "dwarf-with-dsym";
				ENABLE_NS_ASSERTIONS = NO;
				ENABLE_STRICT_OBJC_MSGSEND = YES;
				GCC_C_LANGUAGE_STANDARD = gnu11;
				GCC_NO_COMMON_BLOCKS = YES;
				GCC_WARN_64_TO_32_BIT_CONVERSION = YES;
				GCC_WARN_ABOUT_RETURN_TYPE = YES_ERROR;
				GCC_WARN_UNDECLARED_SELECTOR = YES;
				GCC_WARN_UNINITIALIZED_AUTOS = YES_AGGRESSIVE;
				GCC_WARN_UNUSED_FUNCTION = YES;
				GCC_WARN_UNUSED_VARIABLE = YES;
				MACOSX_DEPLOYMENT_TARGET = 10.15;
				MTL_ENABLE_DEBUG_INFO = NO;
				MTL_FAST_MATH = YES;
				SDKROOT = macosx;
			};
			name = Release;
		};
		EDFCE13D23AFD31E008A98E1 /* Debug */ = {
			isa = XCBuildConfiguration;
			buildSettings = {
				CODE_SIGN_STYLE = Automatic;
				HEADER_SEARCH_PATHS = "/usr/local/Cellar/opencv/4.1.2/include/**";
				LIBRARY_SEARCH_PATHS = "/usr/local/Cellar/opencv/4.1.2/lib/**";
				OTHER_LDFLAGS = (
					"-I/usr/local/Cellar/opencv/4.1.2/include/opencv4/opencv",
					"-I/usr/local/Cellar/opencv/4.1.2/include/opencv4",
					"-L/usr/local/Cellar/opencv/4.1.2/lib",
					"-lopencv_gapi",
					"-lopencv_stitching",
					"-lopencv_aruco",
					"-lopencv_bioinspired",
					"-lopencv_bgsegm",
					"-lopencv_ccalib",
					"-lopencv_dnn_objdetect",
					"-lopencv_dnn_superres",
					"-lopencv_dpm",
					"-lopencv_highgui",
					"-lopencv_face",
					"-lopencv_freetype",
					"-lopencv_fuzzy",
					"-lopencv_hfs",
					"-lopencv_img_hash",
					"-lopencv_line_descriptor",
					"-lopencv_quality",
					"-lopencv_reg",
					"-lopencv_rgbd",
					"-lopencv_saliency",
					"-lopencv_sfm",
					"-lopencv_stereo",
					"-lopencv_structured_light",
					"-lopencv_phase_unwrapping",
					"-lopencv_superres",
					"-lopencv_optflow",
					"-lopencv_surface_matching",
					"-lopencv_tracking",
					"-lopencv_datasets",
					"-lopencv_text",
					"-lopencv_dnn",
					"-lopencv_plot",
					"-lopencv_videostab",
					"-lopencv_video",
					"-lopencv_videoio",
					"-lopencv_xfeatures2d",
					"-lopencv_shape",
					"-lopencv_ml",
					"-lopencv_ximgproc",
					"-lopencv_xobjdetect",
					"-lopencv_objdetect",
					"-lopencv_calib3d",
					"-lopencv_imgcodecs",
					"-lopencv_features2d",
					"-lopencv_flann",
					"-lopencv_xphoto",
					"-lopencv_photo",
					"-lopencv_imgproc",
					"-lopencv_core",
				);
				PRODUCT_NAME = "$(TARGET_NAME)";
			};
			name = Debug;
		};
		EDFCE13E23AFD31E008A98E1 /* Release */ = {
			isa = XCBuildConfiguration;
			buildSettings = {
				CODE_SIGN_STYLE = Automatic;
				HEADER_SEARCH_PATHS = "/usr/local/Cellar/opencv/4.1.2/include/**";
				LIBRARY_SEARCH_PATHS = "/usr/local/Cellar/opencv/4.1.2/lib/**";
				OTHER_LDFLAGS = (
					"-I/usr/local/Cellar/opencv/4.1.2/include/opencv4/opencv",
					"-I/usr/local/Cellar/opencv/4.1.2/include/opencv4",
					"-L/usr/local/Cellar/opencv/4.1.2/lib",
					"-lopencv_gapi",
					"-lopencv_stitching",
					"-lopencv_aruco",
					"-lopencv_bioinspired",
					"-lopencv_bgsegm",
					"-lopencv_ccalib",
					"-lopencv_dnn_objdetect",
					"-lopencv_dnn_superres",
					"-lopencv_dpm",
					"-lopencv_highgui",
					"-lopencv_face",
					"-lopencv_freetype",
					"-lopencv_fuzzy",
					"-lopencv_hfs",
					"-lopencv_img_hash",
					"-lopencv_line_descriptor",
					"-lopencv_quality",
					"-lopencv_reg",
					"-lopencv_rgbd",
					"-lopencv_saliency",
					"-lopencv_sfm",
					"-lopencv_stereo",
					"-lopencv_structured_light",
					"-lopencv_phase_unwrapping",
					"-lopencv_superres",
					"-lopencv_optflow",
					"-lopencv_surface_matching",
					"-lopencv_tracking",
					"-lopencv_datasets",
					"-lopencv_text",
					"-lopencv_dnn",
					"-lopencv_plot",
					"-lopencv_videostab",
					"-lopencv_video",
					"-lopencv_videoio",
					"-lopencv_xfeatures2d",
					"-lopencv_shape",
					"-lopencv_ml",
					"-lopencv_ximgproc",
					"-lopencv_xobjdetect",
					"-lopencv_objdetect",
					"-lopencv_calib3d",
					"-lopencv_imgcodecs",
					"-lopencv_features2d",
					"-lopencv_flann",
					"-lopencv_xphoto",
					"-lopencv_photo",
					"-lopencv_imgproc",
					"-lopencv_core",
				);
				PRODUCT_NAME = "$(TARGET_NAME)";
			};
			name = Release;
		};
/* End XCBuildConfiguration section */

/* Begin XCConfigurationList section */
		4CF1F73D23B68E33007A3F3F /* Build configuration list for PBXNativeTarget "tdcv_task2" */ = {
			isa = XCConfigurationList;
			buildConfigurations = (
				4CF1F73E23B68E33007A3F3F /* Debug */,
				4CF1F73F23B68E33007A3F3F /* Release */,
			);
			defaultConfigurationIsVisible = 0;
			defaultConfigurationName = Release;
		};
		EDFCE13023AFD31E008A98E1 /* Build configuration list for PBXProject "tdcv" */ = {
			isa = XCConfigurationList;
			buildConfigurations = (
				EDFCE13A23AFD31E008A98E1 /* Debug */,
				EDFCE13B23AFD31E008A98E1 /* Release */,
			);
			defaultConfigurationIsVisible = 0;
			defaultConfigurationName = Release;
		};
		EDFCE13C23AFD31E008A98E1 /* Build configuration list for PBXNativeTarget "tdcv" */ = {
			isa = XCConfigurationList;
			buildConfigurations = (
				EDFCE13D23AFD31E008A98E1 /* Debug */,
				EDFCE13E23AFD31E008A98E1 /* Release */,
			);
			defaultConfigurationIsVisible = 0;
			defaultConfigurationName = Release;
		};
/* End XCConfigurationList section */
	};
	rootObject = EDFCE12D23AFD31E008A98E1 /* Project object */;
}
